
Microsoft Visual Studio Solution File, Format Version 12.00
# Visual Studio Version 16
VisualStudioVersion = 16.0.31019.35
MinimumVisualStudioVersion = 10.0.40219.1
Project("{FAE04EC0-301F-11D3-BF4B-00C04F79EFBC}") = "Text Adventure", "Text Adventure\Text Adventure.csproj", "{2C66D86A-FAF4-4CC7-ACF1-9479E3DCC01D}"
EndProject
Global
	GlobalSection(SolutionConfigurationPlatforms) = preSolution
		Debug|Any CPU = Debug|Any CPU
		Release|Any CPU = Release|Any CPU
	EndGlobalSection
	GlobalSection(ProjectConfigurationPlatforms) = postSolution
		{2C66D86A-FAF4-4CC7-ACF1-9479E3DCC01D}.Debug|Any CPU.ActiveCfg = Debug|Any CPU
		{2C66D86A-FAF4-4CC7-ACF1-9479E3DCC01D}.Debug|Any CPU.Build.0 = Debug|Any CPU
		{2C66D86A-FAF4-4CC7-ACF1-9479E3DCC01D}.Release|Any CPU.ActiveCfg = Release|Any CPU
		{2C66D86A-FAF4-4CC7-ACF1-9479E3DCC01D}.Release|Any CPU.Build.0 = Release|Any CPU
	EndGlobalSection
	GlobalSection(SolutionProperties) = preSolution
		HideSolutionNode = FALSE
	EndGlobalSection
	GlobalSection(ExtensibilityGlobals) = postSolution
		SolutionGuid = {CCF65ADE-5735-44B8-909C-4C4E644102C7}
	EndGlobalSection
EndGlobal
